
Microsoft Visual Studio Solution File, Format Version 12.00
# Visual Studio Version 16
VisualStudioVersion = 16.0.31515.178
MinimumVisualStudioVersion = 10.0.40219.1
Project("{FAE04EC0-301F-11D3-BF4B-00C04F79EFBC}") = "WpfProject1-OnlineShop", "WpfProject1-OnlineShop.csproj", "{444D2812-BAF2-4678-9B1F-EE35FC4E7E6A}"
EndProject
Global
	GlobalSection(SolutionConfigurationPlatforms) = preSolution
		Debug|Any CPU = Debug|Any CPU
		Release|Any CPU = Release|Any CPU
	EndGlobalSection
	GlobalSection(ProjectConfigurationPlatforms) = postSolution
		{444D2812-BAF2-4678-9B1F-EE35FC4E7E6A}.Debug|Any CPU.ActiveCfg = Debug|Any CPU
		{444D2812-BAF2-4678-9B1F-EE35FC4E7E6A}.Debug|Any CPU.Build.0 = Debug|Any CPU
		{444D2812-BAF2-4678-9B1F-EE35FC4E7E6A}.Release|Any CPU.ActiveCfg = Release|Any CPU
		{444D2812-BAF2-4678-9B1F-EE35FC4E7E6A}.Release|Any CPU.Build.0 = Release|Any CPU
	EndGlobalSection
	GlobalSection(SolutionProperties) = preSolution
		HideSolutionNode = FALSE
	EndGlobalSection
	GlobalSection(ExtensibilityGlobals) = postSolution
		SolutionGuid = {61BEA17A-3B35-41BA-84C4-0296F78A2E4F}
	EndGlobalSection
EndGlobal
